PODS:
  - AYCategory (1.0.9):
    - AYRuntime
  - AYRuntime (1.0.4)

DEPENDENCIES:
  - AYCategory (from `../`)

EXTERNAL SOURCES:
  AYCategory:
    :path: ../

SPEC CHECKSUMS:
  AYCategory: ccab2acfd419674743db14ebbca195278d659841
  AYRuntime: 3052eedd222ae63314fefbd525c4940a6bc1e699

PODFILE CHECKSUM: e874cec83fe77e768e2d6d813a64f40ef2c704d2

COCOAPODS: 1.1.1
