PODS:
  - AYCategory (1.0.13):
    - AYRuntime
  - AYRuntime (1.0.4)

DEPENDENCIES:
  - AYCategory (from `../`)

EXTERNAL SOURCES:
  AYCategory:
    :path: "../"

SPEC CHECKSUMS:
  AYCategory: 2a344882e35f2059bc25b59767e7beea02cc76b6
  AYRuntime: 3052eedd222ae63314fefbd525c4940a6bc1e699

PODFILE CHECKSUM: e874cec83fe77e768e2d6d813a64f40ef2c704d2

COCOAPODS: 1.2.0
